
Microsoft Visual Studio Solution File, Format Version 12.00
# Visual Studio 15
VisualStudioVersion = 15.0.27004.2010
MinimumVisualStudioVersion = 10.0.40219.1
Project("{FAE04EC0-301F-11D3-BF4B-00C04F79EFBC}") = "myLabDockerAPI", "myLabDockerAPI\myLabDockerAPI.csproj", "{071002E2-6D0C-48F8-828F-230D8FB8088C}"
EndProject
Project("{E53339B2-1760-4266-BCC7-CA923CBCF16C}") = "docker-compose", "docker-compose.dcproj", "{0F55651A-091E-4BFD-B0B5-6595640199E0}"
EndProject
Global
	GlobalSection(SolutionConfigurationPlatforms) = preSolution
		Debug|Any CPU = Debug|Any CPU
		Release|Any CPU = Release|Any CPU
	EndGlobalSection
	GlobalSection(ProjectConfigurationPlatforms) = postSolution
		{071002E2-6D0C-48F8-828F-230D8FB8088C}.Debug|Any CPU.ActiveCfg = Debug|Any CPU
		{071002E2-6D0C-48F8-828F-230D8FB8088C}.Debug|Any CPU.Build.0 = Debug|Any CPU
		{071002E2-6D0C-48F8-828F-230D8FB8088C}.Release|Any CPU.ActiveCfg = Release|Any CPU
		{071002E2-6D0C-48F8-828F-230D8FB8088C}.Release|Any CPU.Build.0 = Release|Any CPU
		{0F55651A-091E-4BFD-B0B5-6595640199E0}.Debug|Any CPU.ActiveCfg = Debug|Any CPU
		{0F55651A-091E-4BFD-B0B5-6595640199E0}.Debug|Any CPU.Build.0 = Debug|Any CPU
		{0F55651A-091E-4BFD-B0B5-6595640199E0}.Release|Any CPU.ActiveCfg = Release|Any CPU
		{0F55651A-091E-4BFD-B0B5-6595640199E0}.Release|Any CPU.Build.0 = Release|Any CPU
	EndGlobalSection
	GlobalSection(SolutionProperties) = preSolution
		HideSolutionNode = FALSE
	EndGlobalSection
	GlobalSection(ExtensibilityGlobals) = postSolution
		SolutionGuid = {6C5B662F-6E7B-432F-9488-A8A106D3FB0A}
	EndGlobalSection
EndGlobal
